
Microsoft Visual Studio Solution File, Format Version 12.00
# Visual Studio Version 17
VisualStudioVersion = 17.8.34330.188
MinimumVisualStudioVersion = 10.0.40219.1
Project("{8BC9CEB8-8B4A-11D0-8D11-00A0C91BC942}") = "1", "contest\contest.vcxproj", "{110BED5D-0467-4B21-99CC-A40C51657478}"
EndProject
Project("{8BC9CEB8-8B4A-11D0-8D11-00A0C91BC942}") = "2", "2\2.vcxproj", "{5B8CFBD8-58FB-473B-B825-3BFCDF62164B}"
EndProject
Project("{8BC9CEB8-8B4A-11D0-8D11-00A0C91BC942}") = "3", "3\3.vcxproj", "{EF9DD56B-8B90-4C50-BCCF-C703E4CC25E6}"
EndProject
Project("{8BC9CEB8-8B4A-11D0-8D11-00A0C91BC942}") = "4", "4\4.vcxproj", "{4721AF57-5203-480D-AB53-0732D735E8FC}"
EndProject
Project("{8BC9CEB8-8B4A-11D0-8D11-00A0C91BC942}") = "5", "5\5.vcxproj", "{0B24D3AB-F2C4-41E7-95F1-EC27BD385E22}"
EndProject
Project("{8BC9CEB8-8B4A-11D0-8D11-00A0C91BC942}") = "6", "6\6.vcxproj", "{FA9B57A1-0C09-4CA3-A0F3-4CB65EE13E78}"
EndProject
Project("{8BC9CEB8-8B4A-11D0-8D11-00A0C91BC942}") = "7", "7\7.vcxproj", "{17513A2E-4987-4864-9F07-7022F163E2B5}"
EndProject
Project("{8BC9CEB8-8B4A-11D0-8D11-00A0C91BC942}") = "8", "8\8.vcxproj", "{E44FB546-2670-4DDB-8C3A-E5C40A414820}"
EndProject
Global
	GlobalSection(SolutionConfigurationPlatforms) = preSolution
		Debug|x64 = Debug|x64
		Debug|x86 = Debug|x86
		Release|x64 = Release|x64
		Release|x86 = Release|x86
	EndGlobalSection
	GlobalSection(ProjectConfigurationPlatforms) = postSolution
		{110BED5D-0467-4B21-99CC-A40C51657478}.Debug|x64.ActiveCfg = Debug|x64
		{110BED5D-0467-4B21-99CC-A40C51657478}.Debug|x64.Build.0 = Debug|x64
		{110BED5D-0467-4B21-99CC-A40C51657478}.Debug|x86.ActiveCfg = Debug|Win32
		{110BED5D-0467-4B21-99CC-A40C51657478}.Debug|x86.Build.0 = Debug|Win32
		{110BED5D-0467-4B21-99CC-A40C51657478}.Release|x64.ActiveCfg = Release|x64
		{110BED5D-0467-4B21-99CC-A40C51657478}.Release|x64.Build.0 = Release|x64
		{110BED5D-0467-4B21-99CC-A40C51657478}.Release|x86.ActiveCfg = Release|Win32
		{110BED5D-0467-4B21-99CC-A40C51657478}.Release|x86.Build.0 = Release|Win32
		{5B8CFBD8-58FB-473B-B825-3BFCDF62164B}.Debug|x64.ActiveCfg = Debug|x64
		{5B8CFBD8-58FB-473B-B825-3BFCDF62164B}.Debug|x64.Build.0 = Debug|x64
		{5B8CFBD8-58FB-473B-B825-3BFCDF62164B}.Debug|x86.ActiveCfg = Debug|Win32
		{5B8CFBD8-58FB-473B-B825-3BFCDF62164B}.Debug|x86.Build.0 = Debug|Win32
		{5B8CFBD8-58FB-473B-B825-3BFCDF62164B}.Release|x64.ActiveCfg = Release|x64
		{5B8CFBD8-58FB-473B-B825-3BFCDF62164B}.Release|x64.Build.0 = Release|x64
		{5B8CFBD8-58FB-473B-B825-3BFCDF62164B}.Release|x86.ActiveCfg = Release|Win32
		{5B8CFBD8-58FB-473B-B825-3BFCDF62164B}.Release|x86.Build.0 = Release|Win32
		{EF9DD56B-8B90-4C50-BCCF-C703E4CC25E6}.Debug|x64.ActiveCfg = Debug|x64
		{EF9DD56B-8B90-4C50-BCCF-C703E4CC25E6}.Debug|x64.Build.0 = Debug|x64
		{EF9DD56B-8B90-4C50-BCCF-C703E4CC25E6}.Debug|x86.ActiveCfg = Debug|Win32
		{EF9DD56B-8B90-4C50-BCCF-C703E4CC25E6}.Debug|x86.Build.0 = Debug|Win32
		{EF9DD56B-8B90-4C50-BCCF-C703E4CC25E6}.Release|x64.ActiveCfg = Release|x64
		{EF9DD56B-8B90-4C50-BCCF-C703E4CC25E6}.Release|x64.Build.0 = Release|x64
		{EF9DD56B-8B90-4C50-BCCF-C703E4CC25E6}.Release|x86.ActiveCfg = Release|Win32
		{EF9DD56B-8B90-4C50-BCCF-C703E4CC25E6}.Release|x86.Build.0 = Release|Win32
		{4721AF57-5203-480D-AB53-0732D735E8FC}.Debug|x64.ActiveCfg = Debug|x64
		{4721AF57-5203-480D-AB53-0732D735E8FC}.Debug|x64.Build.0 = Debug|x64
		{4721AF57-5203-480D-AB53-0732D735E8FC}.Debug|x86.ActiveCfg = Debug|Win32
		{4721AF57-5203-480D-AB53-0732D735E8FC}.Debug|x86.Build.0 = Debug|Win32
		{4721AF57-5203-480D-AB53-0732D735E8FC}.Release|x64.ActiveCfg = Release|x64
		{4721AF57-5203-480D-AB53-0732D735E8FC}.Release|x64.Build.0 = Release|x64
		{4721AF57-5203-480D-AB53-0732D735E8FC}.Release|x86.ActiveCfg = Release|Win32
		{4721AF57-5203-480D-AB53-0732D735E8FC}.Release|x86.Build.0 = Release|Win32
		{0B24D3AB-F2C4-41E7-95F1-EC27BD385E22}.Debug|x64.ActiveCfg = Debug|x64
		{0B24D3AB-F2C4-41E7-95F1-EC27BD385E22}.Debug|x64.Build.0 = Debug|x64
		{0B24D3AB-F2C4-41E7-95F1-EC27BD385E22}.Debug|x86.ActiveCfg = Debug|Win32
		{0B24D3AB-F2C4-41E7-95F1-EC27BD385E22}.Debug|x86.Build.0 = Debug|Win32
		{0B24D3AB-F2C4-41E7-95F1-EC27BD385E22}.Release|x64.ActiveCfg = Release|x64
		{0B24D3AB-F2C4-41E7-95F1-EC27BD385E22}.Release|x64.Build.0 = Release|x64
		{0B24D3AB-F2C4-41E7-95F1-EC27BD385E22}.Release|x86.ActiveCfg = Release|Win32
		{0B24D3AB-F2C4-41E7-95F1-EC27BD385E22}.Release|x86.Build.0 = Release|Win32
		{FA9B57A1-0C09-4CA3-A0F3-4CB65EE13E78}.Debug|x64.ActiveCfg = Debug|x64
		{FA9B57A1-0C09-4CA3-A0F3-4CB65EE13E78}.Debug|x64.Build.0 = Debug|x64
		{FA9B57A1-0C09-4CA3-A0F3-4CB65EE13E78}.Debug|x86.ActiveCfg = Debug|Win32
		{FA9B57A1-0C09-4CA3-A0F3-4CB65EE13E78}.Debug|x86.Build.0 = Debug|Win32
		{FA9B57A1-0C09-4CA3-A0F3-4CB65EE13E78}.Release|x64.ActiveCfg = Release|x64
		{FA9B57A1-0C09-4CA3-A0F3-4CB65EE13E78}.Release|x64.Build.0 = Release|x64
		{FA9B57A1-0C09-4CA3-A0F3-4CB65EE13E78}.Release|x86.ActiveCfg = Release|Win32
		{FA9B57A1-0C09-4CA3-A0F3-4CB65EE13E78}.Release|x86.Build.0 = Release|Win32
		{17513A2E-4987-4864-9F07-7022F163E2B5}.Debug|x64.ActiveCfg = Debug|x64
		{17513A2E-4987-4864-9F07-7022F163E2B5}.Debug|x64.Build.0 = Debug|x64
		{17513A2E-4987-4864-9F07-7022F163E2B5}.Debug|x86.ActiveCfg = Debug|Win32
		{17513A2E-4987-4864-9F07-7022F163E2B5}.Debug|x86.Build.0 = Debug|Win32
		{17513A2E-4987-4864-9F07-7022F163E2B5}.Release|x64.ActiveCfg = Release|x64
		{17513A2E-4987-4864-9F07-7022F163E2B5}.Release|x64.Build.0 = Release|x64
		{17513A2E-4987-4864-9F07-7022F163E2B5}.Release|x86.ActiveCfg = Release|Win32
		{17513A2E-4987-4864-9F07-7022F163E2B5}.Release|x86.Build.0 = Release|Win32
		{E44FB546-2670-4DDB-8C3A-E5C40A414820}.Debug|x64.ActiveCfg = Debug|x64
		{E44FB546-2670-4DDB-8C3A-E5C40A414820}.Debug|x64.Build.0 = Debug|x64
		{E44FB546-2670-4DDB-8C3A-E5C40A414820}.Debug|x86.ActiveCfg = Debug|Win32
		{E44FB546-2670-4DDB-8C3A-E5C40A414820}.Debug|x86.Build.0 = Debug|Win32
		{E44FB546-2670-4DDB-8C3A-E5C40A414820}.Release|x64.ActiveCfg = Release|x64
		{E44FB546-2670-4DDB-8C3A-E5C40A414820}.Release|x64.Build.0 = Release|x64
		{E44FB546-2670-4DDB-8C3A-E5C40A414820}.Release|x86.ActiveCfg = Release|Win32
		{E44FB546-2670-4DDB-8C3A-E5C40A414820}.Release|x86.Build.0 = Release|Win32
	EndGlobalSection
	GlobalSection(SolutionProperties) = preSolution
		HideSolutionNode = FALSE
	EndGlobalSection
	GlobalSection(ExtensibilityGlobals) = postSolution
		SolutionGuid = {E8B722BE-33EE-41BA-A996-3D8ABB5F1EA9}
	EndGlobalSection
EndGlobal
